
Microsoft Visual Studio Solution File, Format Version 12.00
# Visual Studio Version 16
VisualStudioVersion = 16.0.30523.141
MinimumVisualStudioVersion = 10.0.40219.1
Project("{FAE04EC0-301F-11D3-BF4B-00C04F79EFBC}") = "Placares", "Placares\Placares.csproj", "{5092417B-F3A3-4CAD-97E9-4BCA05BC6E10}"
EndProject
Project("{9A19103F-16F7-4668-BE54-9A1E7A4F7556}") = "Placares.Tests", "Placares.Tests\Placares.Tests.csproj", "{D7B4CB4C-24EA-4056-B9ED-1759569D0023}"
EndProject
Global
	GlobalSection(SolutionConfigurationPlatforms) = preSolution
		Debug|Any CPU = Debug|Any CPU
		Release|Any CPU = Release|Any CPU
	EndGlobalSection
	GlobalSection(ProjectConfigurationPlatforms) = postSolution
		{5092417B-F3A3-4CAD-97E9-4BCA05BC6E10}.Debug|Any CPU.ActiveCfg = Debug|Any CPU
		{5092417B-F3A3-4CAD-97E9-4BCA05BC6E10}.Debug|Any CPU.Build.0 = Debug|Any CPU
		{5092417B-F3A3-4CAD-97E9-4BCA05BC6E10}.Release|Any CPU.ActiveCfg = Release|Any CPU
		{5092417B-F3A3-4CAD-97E9-4BCA05BC6E10}.Release|Any CPU.Build.0 = Release|Any CPU
		{D7B4CB4C-24EA-4056-B9ED-1759569D0023}.Debug|Any CPU.ActiveCfg = Debug|Any CPU
		{D7B4CB4C-24EA-4056-B9ED-1759569D0023}.Debug|Any CPU.Build.0 = Debug|Any CPU
		{D7B4CB4C-24EA-4056-B9ED-1759569D0023}.Release|Any CPU.ActiveCfg = Release|Any CPU
		{D7B4CB4C-24EA-4056-B9ED-1759569D0023}.Release|Any CPU.Build.0 = Release|Any CPU
	EndGlobalSection
	GlobalSection(SolutionProperties) = preSolution
		HideSolutionNode = FALSE
	EndGlobalSection
	GlobalSection(ExtensibilityGlobals) = postSolution
		SolutionGuid = {250226EB-5DD3-495F-B1CA-FF75449B1C25}
	EndGlobalSection
EndGlobal
